# This file is automatically @generated by Cargo.
# It is not intended for manual editing.
version = 3

[[package]]
name = "vizia"
version = "0.1.0"
source = "registry+https://github.com/rust-lang/crates.io-index"
checksum = "59e6388a13de3e9f5294b650e18c6442db499885d3a891c5d876cbc8597dcdc2"

[[package]]
name = "widgets"
version = "0.1.0"
dependencies = [
 "vizia",
]
